
Microsoft Visual Studio Solution File, Format Version 12.00
# Visual Studio 15
VisualStudioVersion = 15.0.28307.438
MinimumVisualStudioVersion = 10.0.40219.1
Project("{FAE04EC0-301F-11D3-BF4B-00C04F79EFBC}") = "MyWatchStore", "MyWatchStore\MyWatchStore.csproj", "{D726B372-5481-4ED2-A0FA-D1AD0608E24C}"
EndProject
Global
	GlobalSection(SolutionConfigurationPlatforms) = preSolution
		Debug|Any CPU = Debug|Any CPU
		Release|Any CPU = Release|Any CPU
	EndGlobalSection
	GlobalSection(ProjectConfigurationPlatforms) = postSolution
		{D726B372-5481-4ED2-A0FA-D1AD0608E24C}.Debug|Any CPU.ActiveCfg = Debug|Any CPU
		{D726B372-5481-4ED2-A0FA-D1AD0608E24C}.Debug|Any CPU.Build.0 = Debug|Any CPU
		{D726B372-5481-4ED2-A0FA-D1AD0608E24C}.Release|Any CPU.ActiveCfg = Release|Any CPU
		{D726B372-5481-4ED2-A0FA-D1AD0608E24C}.Release|Any CPU.Build.0 = Release|Any CPU
	EndGlobalSection
	GlobalSection(SolutionProperties) = preSolution
		HideSolutionNode = FALSE
	EndGlobalSection
	GlobalSection(ExtensibilityGlobals) = postSolution
		SolutionGuid = {FDF429FF-C484-4786-AC60-7AF50623FC49}
	EndGlobalSection
EndGlobal
